PODS:
  - Charts (3.1.1):
    - Charts/Core (= 3.1.1)
  - Charts/Core (3.1.1)
  - SVProgressHUD (2.2.5)

DEPENDENCIES:
  - Charts
  - SVProgressHUD

SPEC REPOS:
  https://github.com/cocoapods/specs.git:
    - Charts
    - SVProgressHUD

SPEC CHECKSUMS:
  Charts: 90a4d61da0f6e06684c591e3bcab11940fe61736
  SVProgressHUD: 1428aafac632c1f86f62aa4243ec12008d7a51d6

PODFILE CHECKSUM: ef6386fe973ceded731bef4c1532ef42f7452556

COCOAPODS: 1.5.3
